
Microsoft Visual Studio Solution File, Format Version 12.00
# Visual Studio Version 17
VisualStudioVersion = 17.6.33815.320
MinimumVisualStudioVersion = 10.0.40219.1
Project("{888888A0-9F3D-457C-B088-3A5042F75D52}") = "microweb", "microweb.pyproj", "{8AC80675-9BB0-43C6-9E35-B1132F57FB3D}"
EndProject
Global
	GlobalSection(SolutionConfigurationPlatforms) = preSolution
		Debug|Any CPU = Debug|Any CPU
		Release|Any CPU = Release|Any CPU
	EndGlobalSection
	GlobalSection(ProjectConfigurationPlatforms) = postSolution
		{8AC80675-9BB0-43C6-9E35-B1132F57FB3D}.Debug|Any CPU.ActiveCfg = Debug|Any CPU
		{8AC80675-9BB0-43C6-9E35-B1132F57FB3D}.Release|Any CPU.ActiveCfg = Release|Any CPU
	EndGlobalSection
	GlobalSection(SolutionProperties) = preSolution
		HideSolutionNode = FALSE
	EndGlobalSection
	GlobalSection(ExtensibilityGlobals) = postSolution
		SolutionGuid = {900B9828-FB5F-4D70-A63C-6469FF71CC30}
	EndGlobalSection
EndGlobal
